
Microsoft Visual Studio Solution File, Format Version 12.00
# Visual Studio Version 17
VisualStudioVersion = 17.12.35527.113 d17.12
MinimumVisualStudioVersion = 10.0.40219.1
Project("{FAE04EC0-301F-11D3-BF4B-00C04F79EFBC}") = "PingPal", "PingPal\PingPal.csproj", "{D7677966-80C2-4197-991B-A9D3B767540F}"
EndProject
Project("{FAE04EC0-301F-11D3-BF4B-00C04F79EFBC}") = "PingPal.Common", "PingPal.Common\PingPal.Common.csproj", "{45A3A6B2-1A6E-48F4-8353-052163F6D5F6}"
EndProject
Project("{FAE04EC0-301F-11D3-BF4B-00C04F79EFBC}") = "PingPal.Database", "PingPal.Database\PingPal.Database.csproj", "{0C9E3518-5607-4B10-B41B-BECE7BF81051}"
EndProject
Project("{FAE04EC0-301F-11D3-BF4B-00C04F79EFBC}") = "PingPal.Domain", "PingPal.Domain\PingPal.Domain.csproj", "{4B704E19-B83A-4C8E-A598-E52F7C39CB43}"
EndProject
Project("{FAE04EC0-301F-11D3-BF4B-00C04F79EFBC}") = "PingPal.Wpf", "PingPal.Wpf\PingPal.Wpf.csproj", "{A2ED23C3-46A3-435F-9833-E5DA44E9FABB}"
EndProject
Global
	GlobalSection(SolutionConfigurationPlatforms) = preSolution
		Debug|Any CPU = Debug|Any CPU
		Release|Any CPU = Release|Any CPU
	EndGlobalSection
	GlobalSection(ProjectConfigurationPlatforms) = postSolution
		{D7677966-80C2-4197-991B-A9D3B767540F}.Debug|Any CPU.ActiveCfg = Debug|Any CPU
		{D7677966-80C2-4197-991B-A9D3B767540F}.Debug|Any CPU.Build.0 = Debug|Any CPU
		{D7677966-80C2-4197-991B-A9D3B767540F}.Release|Any CPU.ActiveCfg = Release|Any CPU
		{D7677966-80C2-4197-991B-A9D3B767540F}.Release|Any CPU.Build.0 = Release|Any CPU
		{45A3A6B2-1A6E-48F4-8353-052163F6D5F6}.Debug|Any CPU.ActiveCfg = Debug|Any CPU
		{45A3A6B2-1A6E-48F4-8353-052163F6D5F6}.Debug|Any CPU.Build.0 = Debug|Any CPU
		{45A3A6B2-1A6E-48F4-8353-052163F6D5F6}.Release|Any CPU.ActiveCfg = Release|Any CPU
		{45A3A6B2-1A6E-48F4-8353-052163F6D5F6}.Release|Any CPU.Build.0 = Release|Any CPU
		{0C9E3518-5607-4B10-B41B-BECE7BF81051}.Debug|Any CPU.ActiveCfg = Debug|Any CPU
		{0C9E3518-5607-4B10-B41B-BECE7BF81051}.Debug|Any CPU.Build.0 = Debug|Any CPU
		{0C9E3518-5607-4B10-B41B-BECE7BF81051}.Release|Any CPU.ActiveCfg = Release|Any CPU
		{0C9E3518-5607-4B10-B41B-BECE7BF81051}.Release|Any CPU.Build.0 = Release|Any CPU
		{4B704E19-B83A-4C8E-A598-E52F7C39CB43}.Debug|Any CPU.ActiveCfg = Debug|Any CPU
		{4B704E19-B83A-4C8E-A598-E52F7C39CB43}.Debug|Any CPU.Build.0 = Debug|Any CPU
		{4B704E19-B83A-4C8E-A598-E52F7C39CB43}.Release|Any CPU.ActiveCfg = Release|Any CPU
		{4B704E19-B83A-4C8E-A598-E52F7C39CB43}.Release|Any CPU.Build.0 = Release|Any CPU
		{A2ED23C3-46A3-435F-9833-E5DA44E9FABB}.Debug|Any CPU.ActiveCfg = Debug|Any CPU
		{A2ED23C3-46A3-435F-9833-E5DA44E9FABB}.Debug|Any CPU.Build.0 = Debug|Any CPU
		{A2ED23C3-46A3-435F-9833-E5DA44E9FABB}.Release|Any CPU.ActiveCfg = Release|Any CPU
		{A2ED23C3-46A3-435F-9833-E5DA44E9FABB}.Release|Any CPU.Build.0 = Release|Any CPU
	EndGlobalSection
	GlobalSection(SolutionProperties) = preSolution
		HideSolutionNode = FALSE
	EndGlobalSection
EndGlobal
